
Microsoft Visual Studio Solution File, Format Version 12.00
# Visual Studio Version 17
VisualStudioVersion = 17.11.35327.3
MinimumVisualStudioVersion = 10.0.40219.1
Project("{FAE04EC0-301F-11D3-BF4B-00C04F79EFBC}") = "FinancialControl.Api", "FinancialControl.Api\FinancialControl.Api.csproj", "{E80BAD17-4E75-4662-AF27-16276E05B9A4}"
EndProject
Project("{FAE04EC0-301F-11D3-BF4B-00C04F79EFBC}") = "FinancialControl.Domain", "FinancialControl.Domain\FinancialControl.Domain.csproj", "{982582DE-6B85-4EC4-9C14-EB283E4F8273}"
EndProject
Project("{FAE04EC0-301F-11D3-BF4B-00C04F79EFBC}") = "FinancialControl.Application", "FinancialControl.Application\FinancialControl.Application.csproj", "{90B85D11-2E95-4BB1-B359-5DBE0BC6CA18}"
EndProject
Project("{FAE04EC0-301F-11D3-BF4B-00C04F79EFBC}") = "FinancialControl.Infrastructure", "FinancialControl.Infrastructure\FinancialControl.Infrastructure.csproj", "{AB75D418-CDE6-478D-9084-0CE79F829085}"
EndProject
Global
	GlobalSection(SolutionConfigurationPlatforms) = preSolution
		Debug|Any CPU = Debug|Any CPU
		Release|Any CPU = Release|Any CPU
	EndGlobalSection
	GlobalSection(ProjectConfigurationPlatforms) = postSolution
		{E80BAD17-4E75-4662-AF27-16276E05B9A4}.Debug|Any CPU.ActiveCfg = Debug|Any CPU
		{E80BAD17-4E75-4662-AF27-16276E05B9A4}.Debug|Any CPU.Build.0 = Debug|Any CPU
		{E80BAD17-4E75-4662-AF27-16276E05B9A4}.Release|Any CPU.ActiveCfg = Release|Any CPU
		{E80BAD17-4E75-4662-AF27-16276E05B9A4}.Release|Any CPU.Build.0 = Release|Any CPU
		{982582DE-6B85-4EC4-9C14-EB283E4F8273}.Debug|Any CPU.ActiveCfg = Debug|Any CPU
		{982582DE-6B85-4EC4-9C14-EB283E4F8273}.Debug|Any CPU.Build.0 = Debug|Any CPU
		{982582DE-6B85-4EC4-9C14-EB283E4F8273}.Release|Any CPU.ActiveCfg = Release|Any CPU
		{982582DE-6B85-4EC4-9C14-EB283E4F8273}.Release|Any CPU.Build.0 = Release|Any CPU
		{90B85D11-2E95-4BB1-B359-5DBE0BC6CA18}.Debug|Any CPU.ActiveCfg = Debug|Any CPU
		{90B85D11-2E95-4BB1-B359-5DBE0BC6CA18}.Debug|Any CPU.Build.0 = Debug|Any CPU
		{90B85D11-2E95-4BB1-B359-5DBE0BC6CA18}.Release|Any CPU.ActiveCfg = Release|Any CPU
		{90B85D11-2E95-4BB1-B359-5DBE0BC6CA18}.Release|Any CPU.Build.0 = Release|Any CPU
		{AB75D418-CDE6-478D-9084-0CE79F829085}.Debug|Any CPU.ActiveCfg = Debug|Any CPU
		{AB75D418-CDE6-478D-9084-0CE79F829085}.Debug|Any CPU.Build.0 = Debug|Any CPU
		{AB75D418-CDE6-478D-9084-0CE79F829085}.Release|Any CPU.ActiveCfg = Release|Any CPU
		{AB75D418-CDE6-478D-9084-0CE79F829085}.Release|Any CPU.Build.0 = Release|Any CPU
	EndGlobalSection
	GlobalSection(SolutionProperties) = preSolution
		HideSolutionNode = FALSE
	EndGlobalSection
	GlobalSection(ExtensibilityGlobals) = postSolution
		SolutionGuid = {DBF8E748-63C4-4F5C-88AA-DD3E26C42CFD}
	EndGlobalSection
EndGlobal
